# This file is automatically @generated by Cargo.
# It is not intended for manual editing.
version = 4

[[package]]
name = "arkhe-nostr"
version = "0.1.0"

[[package]]
name = "arkhe-os-bindu"
version = "0.1.0"

[[package]]
name = "arkhe-os-checkpoint"
version = "0.1.0"

[[package]]
name = "arkhe-os-kernel"
version = "0.1.0"

[[package]]
name = "arkhe-os-net"
version = "0.1.0"

[[package]]
name = "arkhe-os-orchestrator"
version = "0.1.0"

[[package]]
name = "arkhe-os-passport"
version = "0.1.0"

[[package]]
name = "arkhe-os-pkg"
version = "0.1.0"

[[package]]
name = "arkhe-os-vfs"
version = "0.1.0"

[[package]]
name = "arkhe-pqc"
version = "0.1.0"

[[package]]
name = "arkhe-sh"
version = "0.1.0"

[[package]]
name = "arklib-rs"
version = "0.1.0"
